<?xml version="1.0" encoding="UTF-8" standalone="yes" ?>
<CodeBlocks_project_file>
	<FileVersion major="1" minor="6" />
	<Project>
		<Option title="keywordFileSearcher" />
		<Option pch_mode="2" />
		<Option compiler="gcc" />
		<Build>
			<Target title="Debug">
				<Option output="bin/Debug/keywordFileSearcher" prefix_auto="1" extension_auto="1" />
				<Option object_output="obj/Debug/" />
				<Option type="1" />
				<Option compiler="gcc" />
				<Compiler>
					<Add option="-g" />
				</Compiler>
			</Target>
			<Target title="Release">
				<Option output="bin/Release/keywordFileSearcher" prefix_auto="1" extension_auto="1" />
				<Option object_output="obj/Release/" />
				<Option type="1" />
				<Option compiler="gcc" />
				<Linker>
					<Add option="-O2" />
					<Add option="-s" />
					<Add option="-static" />
				</Linker>
			</Target>
		</Build>
		<Compiler>
			<Add option="-Wall" />
			<Add option="-fexceptions" />
		</Compiler>
		<Unit filename="background.cpp" />
		<Unit filename="background.hpp" />
		<Unit filename="closestr.cpp" />
		<Unit filename="closestr.hpp" />
		<Unit filename="colors.cpp" />
		<Unit filename="colors.hpp" />
		<Unit filename="filesystem.cpp" />
		<Unit filename="filesystem.hpp" />
		<Unit filename="history.cpp" />
		<Unit filename="history.hpp" />
		<Unit filename="keywords.cpp" />
		<Unit filename="keywords.hpp" />
		<Unit filename="main.cpp" />
		<Unit filename="operators.cpp" />
		<Unit filename="operators.hpp" />
		<Extensions />
	</Project>
</CodeBlocks_project_file>
